<Solution>
  <Project Path="ICSGameLauncher.App/ICSGameLauncher.App.csproj" />
  <Project Path="ICSGameLauncher.BL\ICSGameLauncher.BL.csproj" />
  <Project Path="ICSGameLauncher.Common/ICSGameLauncher.Common.csproj" />
  <Project Path="ICSGameLauncher.DAL\ICSGameLauncher.DAL.csproj" />
  <Project Path="ICSGameLauncher.Tests/ICSGameLauncher.Tests.csproj" />
</Solution>
